
Microsoft Visual Studio Solution File, Format Version 12.00
# Visual Studio Version 17
VisualStudioVersion = 17.2.32630.192
MinimumVisualStudioVersion = 10.0.40219.1
Project("{9A19103F-16F7-4668-BE54-9A1E7A4F7556}") = "Entities", "Entities\Entities.csproj", "{0BAC7BAF-4415-48DE-9FF6-E7E5BDA04175}"
EndProject
Project("{2150E333-8FDC-42A3-9474-1A3956D46DE8}") = "1 - API's", "1 - API's", "{48B1EE07-FAAA-46EA-9CE1-0369A83B8161}"
EndProject
Project("{2150E333-8FDC-42A3-9474-1A3956D46DE8}") = "2 - Domain", "2 - Domain", "{7C2C45E5-9A3B-4C31-A5AD-DF62C6BC5CF4}"
EndProject
Project("{2150E333-8FDC-42A3-9474-1A3956D46DE8}") = "3 - Infra", "3 - Infra", "{813B86B5-8010-4146-BFFB-170AFB764134}"
EndProject
Project("{2150E333-8FDC-42A3-9474-1A3956D46DE8}") = "4 - Entities", "4 - Entities", "{54570B3B-AB01-4AC8-81B9-420E060600DC}"
EndProject
Project("{2150E333-8FDC-42A3-9474-1A3956D46DE8}") = "5 - Test", "5 - Test", "{749EAC45-8230-4F70-970E-0F64BE68107F}"
EndProject
Project("{9A19103F-16F7-4668-BE54-9A1E7A4F7556}") = "Infrastructure", "Infrastructure\Infrastructure.csproj", "{76B36FBE-9BAF-447F-9DE9-58D4EC7EDDE8}"
EndProject
Project("{9A19103F-16F7-4668-BE54-9A1E7A4F7556}") = "Domain", "Domain\Domain.csproj", "{086A7D4F-167C-415C-8A0B-CDAF84254CF7}"
EndProject
Project("{FAE04EC0-301F-11D3-BF4B-00C04F79EFBC}") = "WebAPIs", "WebAPIs\WebAPIs.csproj", "{9300FD93-79D1-40FD-B365-D61D136B6B80}"
EndProject
Global
	GlobalSection(SolutionConfigurationPlatforms) = preSolution
		Debug|Any CPU = Debug|Any CPU
		Release|Any CPU = Release|Any CPU
	EndGlobalSection
	GlobalSection(ProjectConfigurationPlatforms) = postSolution
		{0BAC7BAF-4415-48DE-9FF6-E7E5BDA04175}.Debug|Any CPU.ActiveCfg = Debug|Any CPU
		{0BAC7BAF-4415-48DE-9FF6-E7E5BDA04175}.Debug|Any CPU.Build.0 = Debug|Any CPU
		{0BAC7BAF-4415-48DE-9FF6-E7E5BDA04175}.Release|Any CPU.ActiveCfg = Release|Any CPU
		{0BAC7BAF-4415-48DE-9FF6-E7E5BDA04175}.Release|Any CPU.Build.0 = Release|Any CPU
		{76B36FBE-9BAF-447F-9DE9-58D4EC7EDDE8}.Debug|Any CPU.ActiveCfg = Debug|Any CPU
		{76B36FBE-9BAF-447F-9DE9-58D4EC7EDDE8}.Debug|Any CPU.Build.0 = Debug|Any CPU
		{76B36FBE-9BAF-447F-9DE9-58D4EC7EDDE8}.Release|Any CPU.ActiveCfg = Release|Any CPU
		{76B36FBE-9BAF-447F-9DE9-58D4EC7EDDE8}.Release|Any CPU.Build.0 = Release|Any CPU
		{086A7D4F-167C-415C-8A0B-CDAF84254CF7}.Debug|Any CPU.ActiveCfg = Debug|Any CPU
		{086A7D4F-167C-415C-8A0B-CDAF84254CF7}.Debug|Any CPU.Build.0 = Debug|Any CPU
		{086A7D4F-167C-415C-8A0B-CDAF84254CF7}.Release|Any CPU.ActiveCfg = Release|Any CPU
		{086A7D4F-167C-415C-8A0B-CDAF84254CF7}.Release|Any CPU.Build.0 = Release|Any CPU
		{9300FD93-79D1-40FD-B365-D61D136B6B80}.Debug|Any CPU.ActiveCfg = Debug|Any CPU
		{9300FD93-79D1-40FD-B365-D61D136B6B80}.Debug|Any CPU.Build.0 = Debug|Any CPU
		{9300FD93-79D1-40FD-B365-D61D136B6B80}.Release|Any CPU.ActiveCfg = Release|Any CPU
		{9300FD93-79D1-40FD-B365-D61D136B6B80}.Release|Any CPU.Build.0 = Release|Any CPU
	EndGlobalSection
	GlobalSection(SolutionProperties) = preSolution
		HideSolutionNode = FALSE
	EndGlobalSection
	GlobalSection(NestedProjects) = preSolution
		{0BAC7BAF-4415-48DE-9FF6-E7E5BDA04175} = {54570B3B-AB01-4AC8-81B9-420E060600DC}
		{76B36FBE-9BAF-447F-9DE9-58D4EC7EDDE8} = {813B86B5-8010-4146-BFFB-170AFB764134}
		{086A7D4F-167C-415C-8A0B-CDAF84254CF7} = {7C2C45E5-9A3B-4C31-A5AD-DF62C6BC5CF4}
		{9300FD93-79D1-40FD-B365-D61D136B6B80} = {48B1EE07-FAAA-46EA-9CE1-0369A83B8161}
	EndGlobalSection
	GlobalSection(ExtensibilityGlobals) = postSolution
		SolutionGuid = {8FC4D473-60D9-4F78-8F28-8FC2F4C6914D}
	EndGlobalSection
EndGlobal
